// !$*UTF8*$!
{
	archiveVersion = 1;
	classes = {
	};
	objectVersion = 56;
	objects = {

/* Begin PBXBuildFile section */
		068B14BB29D6790B001FA18C /* SearchBar.swift in Sources */ = {isa = PBXBuildFile; fileRef = 068B14BA29D6790B001FA18C /* SearchBar.swift */; };
		79FE245329C5DA7200B34B9A /* Artist_miniApp.swift in Sources */ = {isa = PBXBuildFile; fileRef = 79FE245229C5DA7200B34B9A /* Artist_miniApp.swift */; };
		79FE245529C5DA7200B34B9A /* ContentView.swift in Sources */ = {isa = PBXBuildFile; fileRef = 79FE245429C5DA7200B34B9A /* ContentView.swift */; };
		79FE245729C5DA7200B34B9A /* Assets.xcassets in Resources */ = {isa = PBXBuildFile; fileRef = 79FE245629C5DA7200B34B9A /* Assets.xcassets */; };
		79FE245A29C5DA7200B34B9A /* Preview Assets.xcassets in Resources */ = {isa = PBXBuildFile; fileRef = 79FE245929C5DA7200B34B9A /* Preview Assets.xcassets */; };
		79FE246729C5DB8500B34B9A /* HomeView.swift in Sources */ = {isa = PBXBuildFile; fileRef = 79FE246629C5DB8500B34B9A /* HomeView.swift */; };
/* End PBXBuildFile section */

/* Begin PBXFileReference section */
		068B14BA29D6790B001FA18C /* SearchBar.swift */ = {isa = PBXFileReference; lastKnownFileType = sourcecode.swift; path = SearchBar.swift; sourceTree = "<group>"; };
		79FE244F29C5DA7200B34B9A /* Artist-mini.app */ = {isa = PBXFileReference; explicitFileType = wrapper.application; includeInIndex = 0; path = "Artist-mini.app"; sourceTree = BUILT_PRODUCTS_DIR; };
		79FE245229C5DA7200B34B9A /* Artist_miniApp.swift */ = {isa = PBXFileReference; lastKnownFileType = sourcecode.swift; path = Artist_miniApp.swift; sourceTree = "<group>"; };
		79FE245429C5DA7200B34B9A /* ContentView.swift */ = {isa = PBXFileReference; lastKnownFileType = sourcecode.swift; path = ContentView.swift; sourceTree = "<group>"; };
		79FE245629C5DA7200B34B9A /* Assets.xcassets */ = {isa = PBXFileReference; lastKnownFileType = folder.assetcatalog; path = Assets.xcassets; sourceTree = "<group>"; };
		79FE245929C5DA7200B34B9A /* Preview Assets.xcassets */ = {isa = PBXFileReference; lastKnownFileType = folder.assetcatalog; path = "Preview Assets.xcassets"; sourceTree = "<group>"; };
		79FE246629C5DB8500B34B9A /* HomeView.swift */ = {isa = PBXFileReference; lastKnownFileType = sourcecode.swift; path = HomeView.swift; sourceTree = "<group>"; };
/* End PBXFileReference section */

/* Begin PBXFrameworksBuildPhase section */
		79FE244C29C5DA7200B34B9A /* Frameworks */ = {
			isa = PBXFrameworksBuildPhase;
			buildActionMask = 2147483647;
			files = (
			);
			runOnlyForDeploymentPostprocessing = 0;
		};
/* End PBXFrameworksBuildPhase section */

/* Begin PBXGroup section */
		068B14B929D678FC001FA18C /* TextSearchView */ = {
			isa = PBXGroup;
			children = (
				068B14BA29D6790B001FA18C /* SearchBar.swift */,
			);
			path = TextSearchView;
			sourceTree = "<group>";
		};
		79FE244629C5DA7200B34B9A = {
			isa = PBXGroup;
			children = (
				79FE245129C5DA7200B34B9A /* Artist-mini */,
				79FE245029C5DA7200B34B9A /* Products */,
			);
			sourceTree = "<group>";
		};
		79FE245029C5DA7200B34B9A /* Products */ = {
			isa = PBXGroup;
			children = (
				79FE244F29C5DA7200B34B9A /* Artist-mini.app */,
			);
			name = Products;
			sourceTree = "<group>";
		};
		79FE245129C5DA7200B34B9A /* Artist-mini */ = {
			isa = PBXGroup;
			children = (
				79FE246329C5DB5700B34B9A /* Model */,
				79FE246229C5DB4C00B34B9A /* ViewModel */,
				79FE246129C5DB4800B34B9A /* View */,
				79FE246029C5DB4300B34B9A /* App */,
				79FE245629C5DA7200B34B9A /* Assets.xcassets */,
				79FE245829C5DA7200B34B9A /* Preview Content */,
			);
			path = "Artist-mini";
			sourceTree = "<group>";
		};
		79FE245829C5DA7200B34B9A /* Preview Content */ = {
			isa = PBXGroup;
			children = (
				79FE245929C5DA7200B34B9A /* Preview Assets.xcassets */,
			);
			path = "Preview Content";
			sourceTree = "<group>";
		};
		79FE246029C5DB4300B34B9A /* App */ = {
			isa = PBXGroup;
			children = (
				79FE245229C5DA7200B34B9A /* Artist_miniApp.swift */,
				79FE246629C5DB8500B34B9A /* HomeView.swift */,
			);
			path = App;
			sourceTree = "<group>";
		};
		79FE246129C5DB4800B34B9A /* View */ = {
			isa = PBXGroup;
			children = (
				068B14B929D678FC001FA18C /* TextSearchView */,
				79FE246429C5DB5D00B34B9A /* ContentView */,
			);
			path = View;
			sourceTree = "<group>";
		};
		79FE246229C5DB4C00B34B9A /* ViewModel */ = {
			isa = PBXGroup;
			children = (
			);
			path = ViewModel;
			sourceTree = "<group>";
		};
		79FE246329C5DB5700B34B9A /* Model */ = {
			isa = PBXGroup;
			children = (
			);
			path = Model;
			sourceTree = "<group>";
		};
		79FE246429C5DB5D00B34B9A /* ContentView */ = {
			isa = PBXGroup;
			children = (
				79FE245429C5DA7200B34B9A /* ContentView.swift */,
			);
			path = ContentView;
			sourceTree = "<group>";
		};
/* End PBXGroup section */

/* Begin PBXNativeTarget section */
		79FE244E29C5DA7200B34B9A /* Artist-mini */ = {
			isa = PBXNativeTarget;
			buildConfigurationList = 79FE245D29C5DA7200B34B9A /* Build configuration list for PBXNativeTarget "Artist-mini" */;
			buildPhases = (
				79FE244B29C5DA7200B34B9A /* Sources */,
				79FE244C29C5DA7200B34B9A /* Frameworks */,
				79FE244D29C5DA7200B34B9A /* Resources */,
			);
			buildRules = (
			);
			dependencies = (
			);
			name = "Artist-mini";
			productName = "Artist-mini";
			productReference = 79FE244F29C5DA7200B34B9A /* Artist-mini.app */;
			productType = "com.apple.product-type.application";
		};
/* End PBXNativeTarget section */

/* Begin PBXProject section */
		79FE244729C5DA7200B34B9A /* Project object */ = {
			isa = PBXProject;
			attributes = {
				BuildIndependentTargetsInParallel = 1;
				LastSwiftUpdateCheck = 1420;
				LastUpgradeCheck = 1420;
				TargetAttributes = {
					79FE244E29C5DA7200B34B9A = {
						CreatedOnToolsVersion = 14.2;
					};
				};
			};
			buildConfigurationList = 79FE244A29C5DA7200B34B9A /* Build configuration list for PBXProject "Artist-mini" */;
			compatibilityVersion = "Xcode 14.0";
			developmentRegion = en;
			hasScannedForEncodings = 0;
			knownRegions = (
				en,
				Base,
			);
			mainGroup = 79FE244629C5DA7200B34B9A;
			productRefGroup = 79FE245029C5DA7200B34B9A /* Products */;
			projectDirPath = "";
			projectRoot = "";
			targets = (
				79FE244E29C5DA7200B34B9A /* Artist-mini */,
			);
		};
/* End PBXProject section */

/* Begin PBXResourcesBuildPhase section */
		79FE244D29C5DA7200B34B9A /* Resources */ = {
			isa = PBXResourcesBuildPhase;
			buildActionMask = 2147483647;
			files = (
				79FE245A29C5DA7200B34B9A /* Preview Assets.xcassets in Resources */,
				79FE245729C5DA7200B34B9A /* Assets.xcassets in Resources */,
			);
			runOnlyForDeploymentPostprocessing = 0;
		};
/* End PBXResourcesBuildPhase section */

/* Begin PBXSourcesBuildPhase section */
		79FE244B29C5DA7200B34B9A /* Sources */ = {
			isa = PBXSourcesBuildPhase;
			buildActionMask = 2147483647;
			files = (
				79FE246729C5DB8500B34B9A /* HomeView.swift in Sources */,
				068B14BB29D6790B001FA18C /* SearchBar.swift in Sources */,
				79FE245529C5DA7200B34B9A /* ContentView.swift in Sources */,
				79FE245329C5DA7200B34B9A /* Artist_miniApp.swift in Sources */,
			);
			runOnlyForDeploymentPostprocessing = 0;
		};
/* End PBXSourcesBuildPhase section */

/* Begin XCBuildConfiguration section */
		79FE245B29C5DA7200B34B9A /* Debug */ = {
			isa = XCBuildConfiguration;
			buildSettings = {
				ALWAYS_SEARCH_USER_PATHS = NO;
				CLANG_ANALYZER_NONNULL = YES;
				CLANG_ANALYZER_NUMBER_OBJECT_CONVERSION = YES_AGGRESSIVE;
				CLANG_CXX_LANGUAGE_STANDARD = "gnu++20";
				CLANG_ENABLE_MODULES = YES;
				CLANG_ENABLE_OBJC_ARC = YES;
				CLANG_ENABLE_OBJC_WEAK = YES;
				CLANG_WARN_BLOCK_CAPTURE_AUTORELEASING = YES;
				CLANG_WARN_BOOL_CONVERSION = YES;
				CLANG_WARN_COMMA = YES;
				CLANG_WARN_CONSTANT_CONVERSION = YES;
				CLANG_WARN_DEPRECATED_OBJC_IMPLEMENTATIONS = YES;
				CLANG_WARN_DIRECT_OBJC_ISA_USAGE = YES_ERROR;
				CLANG_WARN_DOCUMENTATION_COMMENTS = YES;
				CLANG_WARN_EMPTY_BODY = YES;
				CLANG_WARN_ENUM_CONVERSION = YES;
				CLANG_WARN_INFINITE_RECURSION = YES;
				CLANG_WARN_INT_CONVERSION = YES;
				CLANG_WARN_NON_LITERAL_NULL_CONVERSION = YES;
				CLANG_WARN_OBJC_IMPLICIT_RETAIN_SELF = YES;
				CLANG_WARN_OBJC_LITERAL_CONVERSION = YES;
				CLANG_WARN_OBJC_ROOT_CLASS = YES_ERROR;
				CLANG_WARN_QUOTED_INCLUDE_IN_FRAMEWORK_HEADER = YES;
				CLANG_WARN_RANGE_LOOP_ANALYSIS = YES;
				CLANG_WARN_STRICT_PROTOTYPES = YES;
				CLANG_WARN_SUSPICIOUS_MOVE = YES;
				CLANG_WARN_UNGUARDED_AVAILABILITY = YES_AGGRESSIVE;
				CLANG_WARN_UNREACHABLE_CODE = YES;
				CLANG_WARN__DUPLICATE_METHOD_MATCH = YES;
				COPY_PHASE_STRIP = NO;
				DEBUG_INFORMATION_FORMAT = dwarf;
				ENABLE_STRICT_OBJC_MSGSEND = YES;
				ENABLE_TESTABILITY = YES;
				GCC_C_LANGUAGE_STANDARD = gnu11;
				GCC_DYNAMIC_NO_PIC = NO;
				GCC_NO_COMMON_BLOCKS = YES;
				GCC_OPTIMIZATION_LEVEL = 0;
				GCC_PREPROCESSOR_DEFINITIONS = (
					"DEBUG=1",
					"$(inherited)",
				);
				GCC_WARN_64_TO_32_BIT_CONVERSION = YES;
				GCC_WARN_ABOUT_RETURN_TYPE = YES_ERROR;
				GCC_WARN_UNDECLARED_SELECTOR = YES;
				GCC_WARN_UNINITIALIZED_AUTOS = YES_AGGRESSIVE;
				GCC_WARN_UNUSED_FUNCTION = YES;
				GCC_WARN_UNUSED_VARIABLE = YES;
				IPHONEOS_DEPLOYMENT_TARGET = 16.2;
				MTL_ENABLE_DEBUG_INFO = INCLUDE_SOURCE;
				MTL_FAST_MATH = YES;
				ONLY_ACTIVE_ARCH = YES;
				SDKROOT = iphoneos;
				SWIFT_ACTIVE_COMPILATION_CONDITIONS = DEBUG;
				SWIFT_OPTIMIZATION_LEVEL = "-Onone";
			};
			name = Debug;
		};
		79FE245C29C5DA7200B34B9A /* Release */ = {
			isa = XCBuildConfiguration;
			buildSettings = {
				ALWAYS_SEARCH_USER_PATHS = NO;
				CLANG_ANALYZER_NONNULL = YES;
				CLANG_ANALYZER_NUMBER_OBJECT_CONVERSION = YES_AGGRESSIVE;
				CLANG_CXX_LANGUAGE_STANDARD = "gnu++20";
				CLANG_ENABLE_MODULES = YES;
				CLANG_ENABLE_OBJC_ARC = YES;
				CLANG_ENABLE_OBJC_WEAK = YES;
				CLANG_WARN_BLOCK_CAPTURE_AUTORELEASING = YES;
				CLANG_WARN_BOOL_CONVERSION = YES;
				CLANG_WARN_COMMA = YES;
				CLANG_WARN_CONSTANT_CONVERSION = YES;
				CLANG_WARN_DEPRECATED_OBJC_IMPLEMENTATIONS = YES;
				CLANG_WARN_DIRECT_OBJC_ISA_USAGE = YES_ERROR;
				CLANG_WARN_DOCUMENTATION_COMMENTS = YES;
				CLANG_WARN_EMPTY_BODY = YES;
				CLANG_WARN_ENUM_CONVERSION = YES;
				CLANG_WARN_INFINITE_RECURSION = YES;
				CLANG_WARN_INT_CONVERSION = YES;
				CLANG_WARN_NON_LITERAL_NULL_CONVERSION = YES;
				CLANG_WARN_OBJC_IMPLICIT_RETAIN_SELF = YES;
				CLANG_WARN_OBJC_LITERAL_CONVERSION = YES;
				CLANG_WARN_OBJC_ROOT_CLASS = YES_ERROR;
				CLANG_WARN_QUOTED_INCLUDE_IN_FRAMEWORK_HEADER = YES;
				CLANG_WARN_RANGE_LOOP_ANALYSIS = YES;
				CLANG_WARN_STRICT_PROTOTYPES = YES;
				CLANG_WARN_SUSPICIOUS_MOVE = YES;
				CLANG_WARN_UNGUARDED_AVAILABILITY = YES_AGGRESSIVE;
				CLANG_WARN_UNREACHABLE_CODE = YES;
				CLANG_WARN__DUPLICATE_METHOD_MATCH = YES;
				COPY_PHASE_STRIP = NO;
				DEBUG_INFORMATION_FORMAT = "dwarf-with-dsym";
				ENABLE_NS_ASSERTIONS = NO;
				ENABLE_STRICT_OBJC_MSGSEND = YES;
				GCC_C_LANGUAGE_STANDARD = gnu11;
				GCC_NO_COMMON_BLOCKS = YES;
				GCC_WARN_64_TO_32_BIT_CONVERSION = YES;
				GCC_WARN_ABOUT_RETURN_TYPE = YES_ERROR;
				GCC_WARN_UNDECLARED_SELECTOR = YES;
				GCC_WARN_UNINITIALIZED_AUTOS = YES_AGGRESSIVE;
				GCC_WARN_UNUSED_FUNCTION = YES;
				GCC_WARN_UNUSED_VARIABLE = YES;
				IPHONEOS_DEPLOYMENT_TARGET = 16.2;
				MTL_ENABLE_DEBUG_INFO = NO;
				MTL_FAST_MATH = YES;
				SDKROOT = iphoneos;
				SWIFT_COMPILATION_MODE = wholemodule;
				SWIFT_OPTIMIZATION_LEVEL = "-O";
				VALIDATE_PRODUCT = YES;
			};
			name = Release;
		};
		79FE245E29C5DA7200B34B9A /* Debug */ = {
			isa = XCBuildConfiguration;
			buildSettings = {
				ASSETCATALOG_COMPILER_APPICON_NAME = AppIcon;
				ASSETCATALOG_COMPILER_GLOBAL_ACCENT_COLOR_NAME = AccentColor;
				CODE_SIGN_STYLE = Automatic;
				CURRENT_PROJECT_VERSION = 1;
				DEVELOPMENT_ASSET_PATHS = "\"Artist-mini/Preview Content\"";
				DEVELOPMENT_TEAM = 643M6R9A8T;
				ENABLE_PREVIEWS = YES;
				GENERATE_INFOPLIST_FILE = YES;
				INFOPLIST_KEY_UIApplicationSceneManifest_Generation = YES;
				INFOPLIST_KEY_UIApplicationSupportsIndirectInputEvents = YES;
				INFOPLIST_KEY_UILaunchScreen_Generation = YES;
				INFOPLIST_KEY_UISupportedInterfaceOrientations_iPad = "UIInterfaceOrientationPortrait UIInterfaceOrientationPortraitUpsideDown UIInterfaceOrientationLandscapeLeft UIInterfaceOrientationLandscapeRight";
				INFOPLIST_KEY_UISupportedInterfaceOrientations_iPhone = "UIInterfaceOrientationPortrait UIInterfaceOrientationLandscapeLeft UIInterfaceOrientationLandscapeRight";
				LD_RUNPATH_SEARCH_PATHS = (
					"$(inherited)",
					"@executable_path/Frameworks",
				);
				MARKETING_VERSION = 1.0;
				PRODUCT_BUNDLE_IDENTIFIER = "com.lsm.Artist-mini";
				PRODUCT_NAME = "$(TARGET_NAME)";
				SWIFT_EMIT_LOC_STRINGS = YES;
				SWIFT_VERSION = 5.0;
				TARGETED_DEVICE_FAMILY = "1,2";
			};
			name = Debug;
		};
		79FE245F29C5DA7200B34B9A /* Release */ = {
			isa = XCBuildConfiguration;
			buildSettings = {
				ASSETCATALOG_COMPILER_APPICON_NAME = AppIcon;
				ASSETCATALOG_COMPILER_GLOBAL_ACCENT_COLOR_NAME = AccentColor;
				CODE_SIGN_STYLE = Automatic;
				CURRENT_PROJECT_VERSION = 1;
				DEVELOPMENT_ASSET_PATHS = "\"Artist-mini/Preview Content\"";
				DEVELOPMENT_TEAM = 643M6R9A8T;
				ENABLE_PREVIEWS = YES;
				GENERATE_INFOPLIST_FILE = YES;
				INFOPLIST_KEY_UIApplicationSceneManifest_Generation = YES;
				INFOPLIST_KEY_UIApplicationSupportsIndirectInputEvents = YES;
				INFOPLIST_KEY_UILaunchScreen_Generation = YES;
				INFOPLIST_KEY_UISupportedInterfaceOrientations_iPad = "UIInterfaceOrientationPortrait UIInterfaceOrientationPortraitUpsideDown UIInterfaceOrientationLandscapeLeft UIInterfaceOrientationLandscapeRight";
				INFOPLIST_KEY_UISupportedInterfaceOrientations_iPhone = "UIInterfaceOrientationPortrait UIInterfaceOrientationLandscapeLeft UIInterfaceOrientationLandscapeRight";
				LD_RUNPATH_SEARCH_PATHS = (
					"$(inherited)",
					"@executable_path/Frameworks",
				);
				MARKETING_VERSION = 1.0;
				PRODUCT_BUNDLE_IDENTIFIER = "com.lsm.Artist-mini";
				PRODUCT_NAME = "$(TARGET_NAME)";
				SWIFT_EMIT_LOC_STRINGS = YES;
				SWIFT_VERSION = 5.0;
				TARGETED_DEVICE_FAMILY = "1,2";
			};
			name = Release;
		};
/* End XCBuildConfiguration section */

/* Begin XCConfigurationList section */
		79FE244A29C5DA7200B34B9A /* Build configuration list for PBXProject "Artist-mini" */ = {
			isa = XCConfigurationList;
			buildConfigurations = (
				79FE245B29C5DA7200B34B9A /* Debug */,
				79FE245C29C5DA7200B34B9A /* Release */,
			);
			defaultConfigurationIsVisible = 0;
			defaultConfigurationName = Release;
		};
		79FE245D29C5DA7200B34B9A /* Build configuration list for PBXNativeTarget "Artist-mini" */ = {
			isa = XCConfigurationList;
			buildConfigurations = (
				79FE245E29C5DA7200B34B9A /* Debug */,
				79FE245F29C5DA7200B34B9A /* Release */,
			);
			defaultConfigurationIsVisible = 0;
			defaultConfigurationName = Release;
		};
/* End XCConfigurationList section */
	};
	rootObject = 79FE244729C5DA7200B34B9A /* Project object */;
}
